// !$*UTF8*$!
{
	archiveVersion = 1;
	classes = {
	};
	objectVersion = 50;
	objects = {

/* Begin PBXBuildFile section */
		A061A3C6249D423C00C2BDA5 /* AppDelegate.swift in Sources */ = {isa = PBXBuildFile; fileRef = A061A3C5249D423C00C2BDA5 /* AppDelegate.swift */; };
		A061A3C8249D423C00C2BDA5 /* SceneDelegate.swift in Sources */ = {isa = PBXBuildFile; fileRef = A061A3C7249D423C00C2BDA5 /* SceneDelegate.swift */; };
		A061A3CA249D423C00C2BDA5 /* ContentView.swift in Sources */ = {isa = PBXBuildFile; fileRef = A061A3C9249D423C00C2BDA5 /* ContentView.swift */; };
		A061A3CC249D423D00C2BDA5 /* Assets.xcassets in Resources */ = {isa = PBXBuildFile; fileRef = A061A3CB249D423D00C2BDA5 /* Assets.xcassets */; };
		A061A3CF249D423D00C2BDA5 /* Preview Assets.xcassets in Resources */ = {isa = PBXBuildFile; fileRef = A061A3CE249D423D00C2BDA5 /* Preview Assets.xcassets */; };
		A061A3D2249D423D00C2BDA5 /* LaunchScreen.storyboard in Resources */ = {isa = PBXBuildFile; fileRef = A061A3D0249D423D00C2BDA5 /* LaunchScreen.storyboard */; };
/* End PBXBuildFile section */

/* Begin PBXFileReference section */
		A061A3C2249D423C00C2BDA5 /* HowFar.app */ = {isa = PBXFileReference; explicitFileType = wrapper.application; includeInIndex = 0; path = HowFar.app; sourceTree = BUILT_PRODUCTS_DIR; };
		A061A3C5249D423C00C2BDA5 /* AppDelegate.swift */ = {isa = PBXFileReference; lastKnownFileType = sourcecode.swift; path = AppDelegate.swift; sourceTree = "<group>"; };
		A061A3C7249D423C00C2BDA5 /* SceneDelegate.swift */ = {isa = PBXFileReference; lastKnownFileType = sourcecode.swift; path = SceneDelegate.swift; sourceTree = "<group>"; };
		A061A3C9249D423C00C2BDA5 /* ContentView.swift */ = {isa = PBXFileReference; lastKnownFileType = sourcecode.swift; path = ContentView.swift; sourceTree = "<group>"; };
		A061A3CB249D423D00C2BDA5 /* Assets.xcassets */ = {isa = PBXFileReference; lastKnownFileType = folder.assetcatalog; path = Assets.xcassets; sourceTree = "<group>"; };
		A061A3CE249D423D00C2BDA5 /* Preview Assets.xcassets */ = {isa = PBXFileReference; lastKnownFileType = folder.assetcatalog; path = "Preview Assets.xcassets"; sourceTree = "<group>"; };
		A061A3D1249D423D00C2BDA5 /* Base */ = {isa = PBXFileReference; lastKnownFileType = file.storyboard; name = Base; path = Base.lproj/LaunchScreen.storyboard; sourceTree = "<group>"; };
		A061A3D3249D423D00C2BDA5 /* Info.plist */ = {isa = PBXFileReference; lastKnownFileType = text.plist.xml; path = Info.plist; sourceTree = "<group>"; };
/* End PBXFileReference section */

/* Begin PBXFrameworksBuildPhase section */
		A061A3BF249D423C00C2BDA5 /* Frameworks */ = {
			isa = PBXFrameworksBuildPhase;
			buildActionMask = 2147483647;
			files = (
			);
			runOnlyForDeploymentPostprocessing = 0;
		};
/* End PBXFrameworksBuildPhase section */

/* Begin PBXGroup section */
		A061A3B9249D423C00C2BDA5 = {
			isa = PBXGroup;
			children = (
				A061A3C4249D423C00C2BDA5 /* HowFar */,
				A061A3C3249D423C00C2BDA5 /* Products */,
			);
			sourceTree = "<group>";
		};
		A061A3C3249D423C00C2BDA5 /* Products */ = {
			isa = PBXGroup;
			children = (
				A061A3C2249D423C00C2BDA5 /* HowFar.app */,
			);
			name = Products;
			sourceTree = "<group>";
		};
		A061A3C4249D423C00C2BDA5 /* HowFar */ = {
			isa = PBXGroup;
			children = (
				A061A3C5249D423C00C2BDA5 /* AppDelegate.swift */,
				A061A3C7249D423C00C2BDA5 /* SceneDelegate.swift */,
				A061A3C9249D423C00C2BDA5 /* ContentView.swift */,
				A061A3CB249D423D00C2BDA5 /* Assets.xcassets */,
				A061A3D0249D423D00C2BDA5 /* LaunchScreen.storyboard */,
				A061A3D3249D423D00C2BDA5 /* Info.plist */,
				A061A3CD249D423D00C2BDA5 /* Preview Content */,
			);
			path = HowFar;
			sourceTree = "<group>";
		};
		A061A3CD249D423D00C2BDA5 /* Preview Content */ = {
			isa = PBXGroup;
			children = (
				A061A3CE249D423D00C2BDA5 /* Preview Assets.xcassets */,
			);
			path = "Preview Content";
			sourceTree = "<group>";
		};
/* End PBXGroup section */

/* Begin PBXNativeTarget section */
		A061A3C1249D423C00C2BDA5 /* HowFar */ = {
			isa = PBXNativeTarget;
			buildConfigurationList = A061A3D6249D423D00C2BDA5 /* Build configuration list for PBXNativeTarget "HowFar" */;
			buildPhases = (
				A061A3BE249D423C00C2BDA5 /* Sources */,
				A061A3BF249D423C00C2BDA5 /* Frameworks */,
				A061A3C0249D423C00C2BDA5 /* Resources */,
			);
			buildRules = (
			);
			dependencies = (
			);
			name = HowFar;
			productName = HowFar;
			productReference = A061A3C2249D423C00C2BDA5 /* HowFar.app */;
			productType = "com.apple.product-type.application";
		};
/* End PBXNativeTarget section */

/* Begin PBXProject section */
		A061A3BA249D423C00C2BDA5 /* Project object */ = {
			isa = PBXProject;
			attributes = {
				LastSwiftUpdateCheck = 1150;
				LastUpgradeCheck = 1150;
				ORGANIZATIONNAME = "Joe Gallegos";
				TargetAttributes = {
					A061A3C1249D423C00C2BDA5 = {
						CreatedOnToolsVersion = 11.5;
					};
				};
			};
			buildConfigurationList = A061A3BD249D423C00C2BDA5 /* Build configuration list for PBXProject "HowFar" */;
			compatibilityVersion = "Xcode 9.3";
			developmentRegion = en;
			hasScannedForEncodings = 0;
			knownRegions = (
				en,
				Base,
			);
			mainGroup = A061A3B9249D423C00C2BDA5;
			productRefGroup = A061A3C3249D423C00C2BDA5 /* Products */;
			projectDirPath = "";
			projectRoot = "";
			targets = (
				A061A3C1249D423C00C2BDA5 /* HowFar */,
			);
		};
/* End PBXProject section */

/* Begin PBXResourcesBuildPhase section */
		A061A3C0249D423C00C2BDA5 /* Resources */ = {
			isa = PBXResourcesBuildPhase;
			buildActionMask = 2147483647;
			files = (
				A061A3D2249D423D00C2BDA5 /* LaunchScreen.storyboard in Resources */,
				A061A3CF249D423D00C2BDA5 /* Preview Assets.xcassets in Resources */,
				A061A3CC249D423D00C2BDA5 /* Assets.xcassets in Resources */,
			);
			runOnlyForDeploymentPostprocessing = 0;
		};
/* End PBXResourcesBuildPhase section */

/* Begin PBXSourcesBuildPhase section */
		A061A3BE249D423C00C2BDA5 /* Sources */ = {
			isa = PBXSourcesBuildPhase;
			buildActionMask = 2147483647;
			files = (
				A061A3C6249D423C00C2BDA5 /* AppDelegate.swift in Sources */,
				A061A3C8249D423C00C2BDA5 /* SceneDelegate.swift in Sources */,
				A061A3CA249D423C00C2BDA5 /* ContentView.swift in Sources */,
			);
			runOnlyForDeploymentPostprocessing = 0;
		};
/* End PBXSourcesBuildPhase section */

/* Begin PBXVariantGroup section */
		A061A3D0249D423D00C2BDA5 /* LaunchScreen.storyboard */ = {
			isa = PBXVariantGroup;
			children = (
				A061A3D1249D423D00C2BDA5 /* Base */,
			);
			name = LaunchScreen.storyboard;
			sourceTree = "<group>";
		};
/* End PBXVariantGroup section */

/* Begin XCBuildConfiguration section */
		A061A3D4249D423D00C2BDA5 /* Debug */ = {
			isa = XCBuildConfiguration;
			buildSettings = {
				ALWAYS_SEARCH_USER_PATHS = NO;
				CLANG_ANALYZER_NONNULL = YES;
				CLANG_ANALYZER_NUMBER_OBJECT_CONVERSION = YES_AGGRESSIVE;
				CLANG_CXX_LANGUAGE_STANDARD = "gnu++14";
				CLANG_CXX_LIBRARY = "libc++";
				CLANG_ENABLE_MODULES = YES;
				CLANG_ENABLE_OBJC_ARC = YES;
				CLANG_ENABLE_OBJC_WEAK = YES;
				CLANG_WARN_BLOCK_CAPTURE_AUTORELEASING = YES;
				CLANG_WARN_BOOL_CONVERSION = YES;
				CLANG_WARN_COMMA = YES;
				CLANG_WARN_CONSTANT_CONVERSION = YES;
				CLANG_WARN_DEPRECATED_OBJC_IMPLEMENTATIONS = YES;
				CLANG_WARN_DIRECT_OBJC_ISA_USAGE = YES_ERROR;
				CLANG_WARN_DOCUMENTATION_COMMENTS = YES;
				CLANG_WARN_EMPTY_BODY = YES;
				CLANG_WARN_ENUM_CONVERSION = YES;
				CLANG_WARN_INFINITE_RECURSION = YES;
				CLANG_WARN_INT_CONVERSION = YES;
				CLANG_WARN_NON_LITERAL_NULL_CONVERSION = YES;
				CLANG_WARN_OBJC_IMPLICIT_RETAIN_SELF = YES;
				CLANG_WARN_OBJC_LITERAL_CONVERSION = YES;
				CLANG_WARN_OBJC_ROOT_CLASS = YES_ERROR;
				CLANG_WARN_RANGE_LOOP_ANALYSIS = YES;
				CLANG_WARN_STRICT_PROTOTYPES = YES;
				CLANG_WARN_SUSPICIOUS_MOVE = YES;
				CLANG_WARN_UNGUARDED_AVAILABILITY = YES_AGGRESSIVE;
				CLANG_WARN_UNREACHABLE_CODE = YES;
				CLANG_WARN__DUPLICATE_METHOD_MATCH = YES;
				COPY_PHASE_STRIP = NO;
				DEBUG_INFORMATION_FORMAT = dwarf;
				ENABLE_STRICT_OBJC_MSGSEND = YES;
				ENABLE_TESTABILITY = YES;
				GCC_C_LANGUAGE_STANDARD = gnu11;
				GCC_DYNAMIC_NO_PIC = NO;
				GCC_NO_COMMON_BLOCKS = YES;
				GCC_OPTIMIZATION_LEVEL = 0;
				GCC_PREPROCESSOR_DEFINITIONS = (
					"DEBUG=1",
					"$(inherited)",
				);
				GCC_WARN_64_TO_32_BIT_CONVERSION = YES;
				GCC_WARN_ABOUT_RETURN_TYPE = YES_ERROR;
				GCC_WARN_UNDECLARED_SELECTOR = YES;
				GCC_WARN_UNINITIALIZED_AUTOS = YES_AGGRESSIVE;
				GCC_WARN_UNUSED_FUNCTION = YES;
				GCC_WARN_UNUSED_VARIABLE = YES;
				IPHONEOS_DEPLOYMENT_TARGET = 13.5;
				MTL_ENABLE_DEBUG_INFO = INCLUDE_SOURCE;
				MTL_FAST_MATH = YES;
				ONLY_ACTIVE_ARCH = YES;
				SDKROOT = iphoneos;
				SWIFT_ACTIVE_COMPILATION_CONDITIONS = DEBUG;
				SWIFT_OPTIMIZATION_LEVEL = "-Onone";
			};
			name = Debug;
		};
		A061A3D5249D423D00C2BDA5 /* Release */ = {
			isa = XCBuildConfiguration;
			buildSettings = {
				ALWAYS_SEARCH_USER_PATHS = NO;
				CLANG_ANALYZER_NONNULL = YES;
				CLANG_ANALYZER_NUMBER_OBJECT_CONVERSION = YES_AGGRESSIVE;
				CLANG_CXX_LANGUAGE_STANDARD = "gnu++14";
				CLANG_CXX_LIBRARY = "libc++";
				CLANG_ENABLE_MODULES = YES;
				CLANG_ENABLE_OBJC_ARC = YES;
				CLANG_ENABLE_OBJC_WEAK = YES;
				CLANG_WARN_BLOCK_CAPTURE_AUTORELEASING = YES;
				CLANG_WARN_BOOL_CONVERSION = YES;
				CLANG_WARN_COMMA = YES;
				CLANG_WARN_CONSTANT_CONVERSION = YES;
				CLANG_WARN_DEPRECATED_OBJC_IMPLEMENTATIONS = YES;
				CLANG_WARN_DIRECT_OBJC_ISA_USAGE = YES_ERROR;
				CLANG_WARN_DOCUMENTATION_COMMENTS = YES;
				CLANG_WARN_EMPTY_BODY = YES;
				CLANG_WARN_ENUM_CONVERSION = YES;
				CLANG_WARN_INFINITE_RECURSION = YES;
				CLANG_WARN_INT_CONVERSION = YES;
				CLANG_WARN_NON_LITERAL_NULL_CONVERSION = YES;
				CLANG_WARN_OBJC_IMPLICIT_RETAIN_SELF = YES;
				CLANG_WARN_OBJC_LITERAL_CONVERSION = YES;
				CLANG_WARN_OBJC_ROOT_CLASS = YES_ERROR;
				CLANG_WARN_RANGE_LOOP_ANALYSIS = YES;
				CLANG_WARN_STRICT_PROTOTYPES = YES;
				CLANG_WARN_SUSPICIOUS_MOVE = YES;
				CLANG_WARN_UNGUARDED_AVAILABILITY = YES_AGGRESSIVE;
				CLANG_WARN_UNREACHABLE_CODE = YES;
				CLANG_WARN__DUPLICATE_METHOD_MATCH = YES;
				COPY_PHASE_STRIP = NO;
				DEBUG_INFORMATION_FORMAT = "dwarf-with-dsym";
				ENABLE_NS_ASSERTIONS = NO;
				ENABLE_STRICT_OBJC_MSGSEND = YES;
				GCC_C_LANGUAGE_STANDARD = gnu11;
				GCC_NO_COMMON_BLOCKS = YES;
				GCC_WARN_64_TO_32_BIT_CONVERSION = YES;
				GCC_WARN_ABOUT_RETURN_TYPE = YES_ERROR;
				GCC_WARN_UNDECLARED_SELECTOR = YES;
				GCC_WARN_UNINITIALIZED_AUTOS = YES_AGGRESSIVE;
				GCC_WARN_UNUSED_FUNCTION = YES;
				GCC_WARN_UNUSED_VARIABLE = YES;
				IPHONEOS_DEPLOYMENT_TARGET = 13.5;
				MTL_ENABLE_DEBUG_INFO = NO;
				MTL_FAST_MATH = YES;
				SDKROOT = iphoneos;
				SWIFT_COMPILATION_MODE = wholemodule;
				SWIFT_OPTIMIZATION_LEVEL = "-O";
				VALIDATE_PRODUCT = YES;
			};
			name = Release;
		};
		A061A3D7249D423D00C2BDA5 /* Debug */ = {
			isa = XCBuildConfiguration;
			buildSettings = {
				ASSETCATALOG_COMPILER_APPICON_NAME = AppIcon;
				CODE_SIGN_STYLE = Automatic;
				DEVELOPMENT_ASSET_PATHS = "\"HowFar/Preview Content\"";
				ENABLE_PREVIEWS = YES;
				INFOPLIST_FILE = HowFar/Info.plist;
				LD_RUNPATH_SEARCH_PATHS = (
					"$(inherited)",
					"@executable_path/Frameworks",
				);
				PRODUCT_BUNDLE_IDENTIFIER = com.joebgallegos.HowFar;
				PRODUCT_NAME = "$(TARGET_NAME)";
				SWIFT_VERSION = 5.0;
				TARGETED_DEVICE_FAMILY = "1,2";
			};
			name = Debug;
		};
		A061A3D8249D423D00C2BDA5 /* Release */ = {
			isa = XCBuildConfiguration;
			buildSettings = {
				ASSETCATALOG_COMPILER_APPICON_NAME = AppIcon;
				CODE_SIGN_STYLE = Automatic;
				DEVELOPMENT_ASSET_PATHS = "\"HowFar/Preview Content\"";
				ENABLE_PREVIEWS = YES;
				INFOPLIST_FILE = HowFar/Info.plist;
				LD_RUNPATH_SEARCH_PATHS = (
					"$(inherited)",
					"@executable_path/Frameworks",
				);
				PRODUCT_BUNDLE_IDENTIFIER = com.joebgallegos.HowFar;
				PRODUCT_NAME = "$(TARGET_NAME)";
				SWIFT_VERSION = 5.0;
				TARGETED_DEVICE_FAMILY = "1,2";
			};
			name = Release;
		};
/* End XCBuildConfiguration section */

/* Begin XCConfigurationList section */
		A061A3BD249D423C00C2BDA5 /* Build configuration list for PBXProject "HowFar" */ = {
			isa = XCConfigurationList;
			buildConfigurations = (
				A061A3D4249D423D00C2BDA5 /* Debug */,
				A061A3D5249D423D00C2BDA5 /* Release */,
			);
			defaultConfigurationIsVisible = 0;
			defaultConfigurationName = Release;
		};
		A061A3D6249D423D00C2BDA5 /* Build configuration list for PBXNativeTarget "HowFar" */ = {
			isa = XCConfigurationList;
			buildConfigurations = (
				A061A3D7249D423D00C2BDA5 /* Debug */,
				A061A3D8249D423D00C2BDA5 /* Release */,
			);
			defaultConfigurationIsVisible = 0;
			defaultConfigurationName = Release;
		};
/* End XCConfigurationList section */
	};
	rootObject = A061A3BA249D423C00C2BDA5 /* Project object */;
}
